// !$*UTF8*$!
{
	archiveVersion = 1;
	classes = {
	};
	objectVersion = 56;
	objects = {

/* Begin PBXBuildFile section */
		074998BA297D898C00487C15 /* AppDelegate.swift in Sources */ = {isa = PBXBuildFile; fileRef = 074998B9297D898C00487C15 /* AppDelegate.swift */; };
		074998BC297D898C00487C15 /* SceneDelegate.swift in Sources */ = {isa = PBXBuildFile; fileRef = 074998BB297D898C00487C15 /* SceneDelegate.swift */; };
		074998BE297D898C00487C15 /* ViewController.swift in Sources */ = {isa = PBXBuildFile; fileRef = 074998BD297D898C00487C15 /* ViewController.swift */; };
		074998C1297D898C00487C15 /* Main.storyboard in Resources */ = {isa = PBXBuildFile; fileRef = 074998BF297D898C00487C15 /* Main.storyboard */; };
		074998C3297D898D00487C15 /* Assets.xcassets in Resources */ = {isa = PBXBuildFile; fileRef = 074998C2297D898D00487C15 /* Assets.xcassets */; };
		074998C6297D898D00487C15 /* LaunchScreen.storyboard in Resources */ = {isa = PBXBuildFile; fileRef = 074998C4297D898D00487C15 /* LaunchScreen.storyboard */; };
		074998D1297D898D00487C15 /* timeTests.swift in Sources */ = {isa = PBXBuildFile; fileRef = 074998D0297D898D00487C15 /* timeTests.swift */; };
		074998DB297D898D00487C15 /* timeUITests.swift in Sources */ = {isa = PBXBuildFile; fileRef = 074998DA297D898D00487C15 /* timeUITests.swift */; };
		074998DD297D898D00487C15 /* timeUITestsLaunchTests.swift in Sources */ = {isa = PBXBuildFile; fileRef = 074998DC297D898D00487C15 /* timeUITestsLaunchTests.swift */; };
/* End PBXBuildFile section */

/* Begin PBXContainerItemProxy section */
		074998CD297D898D00487C15 /* PBXContainerItemProxy */ = {
			isa = PBXContainerItemProxy;
			containerPortal = 074998AE297D898C00487C15 /* Project object */;
			proxyType = 1;
			remoteGlobalIDString = 074998B5297D898C00487C15;
			remoteInfo = time;
		};
		074998D7297D898D00487C15 /* PBXContainerItemProxy */ = {
			isa = PBXContainerItemProxy;
			containerPortal = 074998AE297D898C00487C15 /* Project object */;
			proxyType = 1;
			remoteGlobalIDString = 074998B5297D898C00487C15;
			remoteInfo = time;
		};
/* End PBXContainerItemProxy section */

/* Begin PBXFileReference section */
		074998B6297D898C00487C15 /* time.app */ = {isa = PBXFileReference; explicitFileType = wrapper.application; includeInIndex = 0; path = time.app; sourceTree = BUILT_PRODUCTS_DIR; };
		074998B9297D898C00487C15 /* AppDelegate.swift */ = {isa = PBXFileReference; lastKnownFileType = sourcecode.swift; path = AppDelegate.swift; sourceTree = "<group>"; };
		074998BB297D898C00487C15 /* SceneDelegate.swift */ = {isa = PBXFileReference; lastKnownFileType = sourcecode.swift; path = SceneDelegate.swift; sourceTree = "<group>"; };
		074998BD297D898C00487C15 /* ViewController.swift */ = {isa = PBXFileReference; lastKnownFileType = sourcecode.swift; path = ViewController.swift; sourceTree = "<group>"; };
		074998C0297D898C00487C15 /* Base */ = {isa = PBXFileReference; lastKnownFileType = file.storyboard; name = Base; path = Base.lproj/Main.storyboard; sourceTree = "<group>"; };
		074998C2297D898D00487C15 /* Assets.xcassets */ = {isa = PBXFileReference; lastKnownFileType = folder.assetcatalog; path = Assets.xcassets; sourceTree = "<group>"; };
		074998C5297D898D00487C15 /* Base */ = {isa = PBXFileReference; lastKnownFileType = file.storyboard; name = Base; path = Base.lproj/LaunchScreen.storyboard; sourceTree = "<group>"; };
		074998C7297D898D00487C15 /* Info.plist */ = {isa = PBXFileReference; lastKnownFileType = text.plist.xml; path = Info.plist; sourceTree = "<group>"; };
		074998CC297D898D00487C15 /* timeTests.xctest */ = {isa = PBXFileReference; explicitFileType = wrapper.cfbundle; includeInIndex = 0; path = timeTests.xctest; sourceTree = BUILT_PRODUCTS_DIR; };
		074998D0297D898D00487C15 /* timeTests.swift */ = {isa = PBXFileReference; lastKnownFileType = sourcecode.swift; path = timeTests.swift; sourceTree = "<group>"; };
		074998D6297D898D00487C15 /* timeUITests.xctest */ = {isa = PBXFileReference; explicitFileType = wrapper.cfbundle; includeInIndex = 0; path = timeUITests.xctest; sourceTree = BUILT_PRODUCTS_DIR; };
		074998DA297D898D00487C15 /* timeUITests.swift */ = {isa = PBXFileReference; lastKnownFileType = sourcecode.swift; path = timeUITests.swift; sourceTree = "<group>"; };
		074998DC297D898D00487C15 /* timeUITestsLaunchTests.swift */ = {isa = PBXFileReference; lastKnownFileType = sourcecode.swift; path = timeUITestsLaunchTests.swift; sourceTree = "<group>"; };
/* End PBXFileReference section */

/* Begin PBXFrameworksBuildPhase section */
		074998B3297D898C00487C15 /* Frameworks */ = {
			isa = PBXFrameworksBuildPhase;
			buildActionMask = 2147483647;
			files = (
			);
			runOnlyForDeploymentPostprocessing = 0;
		};
		074998C9297D898D00487C15 /* Frameworks */ = {
			isa = PBXFrameworksBuildPhase;
			buildActionMask = 2147483647;
			files = (
			);
			runOnlyForDeploymentPostprocessing = 0;
		};
		074998D3297D898D00487C15 /* Frameworks */ = {
			isa = PBXFrameworksBuildPhase;
			buildActionMask = 2147483647;
			files = (
			);
			runOnlyForDeploymentPostprocessing = 0;
		};
/* End PBXFrameworksBuildPhase section */

/* Begin PBXGroup section */
		074998AD297D898C00487C15 = {
			isa = PBXGroup;
			children = (
				074998B8297D898C00487C15 /* time */,
				074998CF297D898D00487C15 /* timeTests */,
				074998D9297D898D00487C15 /* timeUITests */,
				074998B7297D898C00487C15 /* Products */,
			);
			sourceTree = "<group>";
		};
		074998B7297D898C00487C15 /* Products */ = {
			isa = PBXGroup;
			children = (
				074998B6297D898C00487C15 /* time.app */,
				074998CC297D898D00487C15 /* timeTests.xctest */,
				074998D6297D898D00487C15 /* timeUITests.xctest */,
			);
			name = Products;
			sourceTree = "<group>";
		};
		074998B8297D898C00487C15 /* time */ = {
			isa = PBXGroup;
			children = (
				074998B9297D898C00487C15 /* AppDelegate.swift */,
				074998BB297D898C00487C15 /* SceneDelegate.swift */,
				074998BD297D898C00487C15 /* ViewController.swift */,
				074998BF297D898C00487C15 /* Main.storyboard */,
				074998C2297D898D00487C15 /* Assets.xcassets */,
				074998C4297D898D00487C15 /* LaunchScreen.storyboard */,
				074998C7297D898D00487C15 /* Info.plist */,
			);
			path = time;
			sourceTree = "<group>";
		};
		074998CF297D898D00487C15 /* timeTests */ = {
			isa = PBXGroup;
			children = (
				074998D0297D898D00487C15 /* timeTests.swift */,
			);
			path = timeTests;
			sourceTree = "<group>";
		};
		074998D9297D898D00487C15 /* timeUITests */ = {
			isa = PBXGroup;
			children = (
				074998DA297D898D00487C15 /* timeUITests.swift */,
				074998DC297D898D00487C15 /* timeUITestsLaunchTests.swift */,
			);
			path = timeUITests;
			sourceTree = "<group>";
		};
/* End PBXGroup section */

/* Begin PBXNativeTarget section */
		074998B5297D898C00487C15 /* time */ = {
			isa = PBXNativeTarget;
			buildConfigurationList = 074998E0297D898D00487C15 /* Build configuration list for PBXNativeTarget "time" */;
			buildPhases = (
				074998B2297D898C00487C15 /* Sources */,
				074998B3297D898C00487C15 /* Frameworks */,
				074998B4297D898C00487C15 /* Resources */,
			);
			buildRules = (
			);
			dependencies = (
			);
			name = time;
			productName = time;
			productReference = 074998B6297D898C00487C15 /* time.app */;
			productType = "com.apple.product-type.application";
		};
		074998CB297D898D00487C15 /* timeTests */ = {
			isa = PBXNativeTarget;
			buildConfigurationList = 074998E3297D898D00487C15 /* Build configuration list for PBXNativeTarget "timeTests" */;
			buildPhases = (
				074998C8297D898D00487C15 /* Sources */,
				074998C9297D898D00487C15 /* Frameworks */,
				074998CA297D898D00487C15 /* Resources */,
			);
			buildRules = (
			);
			dependencies = (
				074998CE297D898D00487C15 /* PBXTargetDependency */,
			);
			name = timeTests;
			productName = timeTests;
			productReference = 074998CC297D898D00487C15 /* timeTests.xctest */;
			productType = "com.apple.product-type.bundle.unit-test";
		};
		074998D5297D898D00487C15 /* timeUITests */ = {
			isa = PBXNativeTarget;
			buildConfigurationList = 074998E6297D898D00487C15 /* Build configuration list for PBXNativeTarget "timeUITests" */;
			buildPhases = (
				074998D2297D898D00487C15 /* Sources */,
				074998D3297D898D00487C15 /* Frameworks */,
				074998D4297D898D00487C15 /* Resources */,
			);
			buildRules = (
			);
			dependencies = (
				074998D8297D898D00487C15 /* PBXTargetDependency */,
			);
			name = timeUITests;
			productName = timeUITests;
			productReference = 074998D6297D898D00487C15 /* timeUITests.xctest */;
			productType = "com.apple.product-type.bundle.ui-testing";
		};
/* End PBXNativeTarget section */

/* Begin PBXProject section */
		074998AE297D898C00487C15 /* Project object */ = {
			isa = PBXProject;
			attributes = {
				BuildIndependentTargetsInParallel = 1;
				LastSwiftUpdateCheck = 1410;
				LastUpgradeCheck = 1410;
				TargetAttributes = {
					074998B5297D898C00487C15 = {
						CreatedOnToolsVersion = 14.1;
					};
					074998CB297D898D00487C15 = {
						CreatedOnToolsVersion = 14.1;
						TestTargetID = 074998B5297D898C00487C15;
					};
					074998D5297D898D00487C15 = {
						CreatedOnToolsVersion = 14.1;
						TestTargetID = 074998B5297D898C00487C15;
					};
				};
			};
			buildConfigurationList = 074998B1297D898C00487C15 /* Build configuration list for PBXProject "time" */;
			compatibilityVersion = "Xcode 14.0";
			developmentRegion = en;
			hasScannedForEncodings = 0;
			knownRegions = (
				en,
				Base,
			);
			mainGroup = 074998AD297D898C00487C15;
			productRefGroup = 074998B7297D898C00487C15 /* Products */;
			projectDirPath = "";
			projectRoot = "";
			targets = (
				074998B5297D898C00487C15 /* time */,
				074998CB297D898D00487C15 /* timeTests */,
				074998D5297D898D00487C15 /* timeUITests */,
			);
		};
/* End PBXProject section */

/* Begin PBXResourcesBuildPhase section */
		074998B4297D898C00487C15 /* Resources */ = {
			isa = PBXResourcesBuildPhase;
			buildActionMask = 2147483647;
			files = (
				074998C6297D898D00487C15 /* LaunchScreen.storyboard in Resources */,
				074998C3297D898D00487C15 /* Assets.xcassets in Resources */,
				074998C1297D898C00487C15 /* Main.storyboard in Resources */,
			);
			runOnlyForDeploymentPostprocessing = 0;
		};
		074998CA297D898D00487C15 /* Resources */ = {
			isa = PBXResourcesBuildPhase;
			buildActionMask = 2147483647;
			files = (
			);
			runOnlyForDeploymentPostprocessing = 0;
		};
		074998D4297D898D00487C15 /* Resources */ = {
			isa = PBXResourcesBuildPhase;
			buildActionMask = 2147483647;
			files = (
			);
			runOnlyForDeploymentPostprocessing = 0;
		};
/* End PBXResourcesBuildPhase section */

/* Begin PBXSourcesBuildPhase section */
		074998B2297D898C00487C15 /* Sources */ = {
			isa = PBXSourcesBuildPhase;
			buildActionMask = 2147483647;
			files = (
				074998BE297D898C00487C15 /* ViewController.swift in Sources */,
				074998BA297D898C00487C15 /* AppDelegate.swift in Sources */,
				074998BC297D898C00487C15 /* SceneDelegate.swift in Sources */,
			);
			runOnlyForDeploymentPostprocessing = 0;
		};
		074998C8297D898D00487C15 /* Sources */ = {
			isa = PBXSourcesBuildPhase;
			buildActionMask = 2147483647;
			files = (
				074998D1297D898D00487C15 /* timeTests.swift in Sources */,
			);
			runOnlyForDeploymentPostprocessing = 0;
		};
		074998D2297D898D00487C15 /* Sources */ = {
			isa = PBXSourcesBuildPhase;
			buildActionMask = 2147483647;
			files = (
				074998DB297D898D00487C15 /* timeUITests.swift in Sources */,
				074998DD297D898D00487C15 /* timeUITestsLaunchTests.swift in Sources */,
			);
			runOnlyForDeploymentPostprocessing = 0;
		};
/* End PBXSourcesBuildPhase section */

/* Begin PBXTargetDependency section */
		074998CE297D898D00487C15 /* PBXTargetDependency */ = {
			isa = PBXTargetDependency;
			target = 074998B5297D898C00487C15 /* time */;
			targetProxy = 074998CD297D898D00487C15 /* PBXContainerItemProxy */;
		};
		074998D8297D898D00487C15 /* PBXTargetDependency */ = {
			isa = PBXTargetDependency;
			target = 074998B5297D898C00487C15 /* time */;
			targetProxy = 074998D7297D898D00487C15 /* PBXContainerItemProxy */;
		};
/* End PBXTargetDependency section */

/* Begin PBXVariantGroup section */
		074998BF297D898C00487C15 /* Main.storyboard */ = {
			isa = PBXVariantGroup;
			children = (
				074998C0297D898C00487C15 /* Base */,
			);
			name = Main.storyboard;
			sourceTree = "<group>";
		};
		074998C4297D898D00487C15 /* LaunchScreen.storyboard */ = {
			isa = PBXVariantGroup;
			children = (
				074998C5297D898D00487C15 /* Base */,
			);
			name = LaunchScreen.storyboard;
			sourceTree = "<group>";
		};
/* End PBXVariantGroup section */

/* Begin XCBuildConfiguration section */
		074998DE297D898D00487C15 /* Debug */ = {
			isa = XCBuildConfiguration;
			buildSettings = {
				ALWAYS_SEARCH_USER_PATHS = NO;
				CLANG_ANALYZER_NONNULL = YES;
				CLANG_ANALYZER_NUMBER_OBJECT_CONVERSION = YES_AGGRESSIVE;
				CLANG_CXX_LANGUAGE_STANDARD = "gnu++20";
				CLANG_ENABLE_MODULES = YES;
				CLANG_ENABLE_OBJC_ARC = YES;
				CLANG_ENABLE_OBJC_WEAK = YES;
				CLANG_WARN_BLOCK_CAPTURE_AUTORELEASING = YES;
				CLANG_WARN_BOOL_CONVERSION = YES;
				CLANG_WARN_COMMA = YES;
				CLANG_WARN_CONSTANT_CONVERSION = YES;
				CLANG_WARN_DEPRECATED_OBJC_IMPLEMENTATIONS = YES;
				CLANG_WARN_DIRECT_OBJC_ISA_USAGE = YES_ERROR;
				CLANG_WARN_DOCUMENTATION_COMMENTS = YES;
				CLANG_WARN_EMPTY_BODY = YES;
				CLANG_WARN_ENUM_CONVERSION = YES;
				CLANG_WARN_INFINITE_RECURSION = YES;
				CLANG_WARN_INT_CONVERSION = YES;
				CLANG_WARN_NON_LITERAL_NULL_CONVERSION = YES;
				CLANG_WARN_OBJC_IMPLICIT_RETAIN_SELF = YES;
				CLANG_WARN_OBJC_LITERAL_CONVERSION = YES;
				CLANG_WARN_OBJC_ROOT_CLASS = YES_ERROR;
				CLANG_WARN_QUOTED_INCLUDE_IN_FRAMEWORK_HEADER = YES;
				CLANG_WARN_RANGE_LOOP_ANALYSIS = YES;
				CLANG_WARN_STRICT_PROTOTYPES = YES;
				CLANG_WARN_SUSPICIOUS_MOVE = YES;
				CLANG_WARN_UNGUARDED_AVAILABILITY = YES_AGGRESSIVE;
				CLANG_WARN_UNREACHABLE_CODE = YES;
				CLANG_WARN__DUPLICATE_METHOD_MATCH = YES;
				COPY_PHASE_STRIP = NO;
				DEBUG_INFORMATION_FORMAT = dwarf;
				ENABLE_STRICT_OBJC_MSGSEND = YES;
				ENABLE_TESTABILITY = YES;
				GCC_C_LANGUAGE_STANDARD = gnu11;
				GCC_DYNAMIC_NO_PIC = NO;
				GCC_NO_COMMON_BLOCKS = YES;
				GCC_OPTIMIZATION_LEVEL = 0;
				GCC_PREPROCESSOR_DEFINITIONS = (
					"DEBUG=1",
					"$(inherited)",
				);
				GCC_WARN_64_TO_32_BIT_CONVERSION = YES;
				GCC_WARN_ABOUT_RETURN_TYPE = YES_ERROR;
				GCC_WARN_UNDECLARED_SELECTOR = YES;
				GCC_WARN_UNINITIALIZED_AUTOS = YES_AGGRESSIVE;
				GCC_WARN_UNUSED_FUNCTION = YES;
				GCC_WARN_UNUSED_VARIABLE = YES;
				IPHONEOS_DEPLOYMENT_TARGET = 16.1;
				MTL_ENABLE_DEBUG_INFO = INCLUDE_SOURCE;
				MTL_FAST_MATH = YES;
				ONLY_ACTIVE_ARCH = YES;
				SDKROOT = iphoneos;
				SWIFT_ACTIVE_COMPILATION_CONDITIONS = DEBUG;
				SWIFT_OPTIMIZATION_LEVEL = "-Onone";
			};
			name = Debug;
		};
		074998DF297D898D00487C15 /* Release */ = {
			isa = XCBuildConfiguration;
			buildSettings = {
				ALWAYS_SEARCH_USER_PATHS = NO;
				CLANG_ANALYZER_NONNULL = YES;
				CLANG_ANALYZER_NUMBER_OBJECT_CONVERSION = YES_AGGRESSIVE;
				CLANG_CXX_LANGUAGE_STANDARD = "gnu++20";
				CLANG_ENABLE_MODULES = YES;
				CLANG_ENABLE_OBJC_ARC = YES;
				CLANG_ENABLE_OBJC_WEAK = YES;
				CLANG_WARN_BLOCK_CAPTURE_AUTORELEASING = YES;
				CLANG_WARN_BOOL_CONVERSION = YES;
				CLANG_WARN_COMMA = YES;
				CLANG_WARN_CONSTANT_CONVERSION = YES;
				CLANG_WARN_DEPRECATED_OBJC_IMPLEMENTATIONS = YES;
				CLANG_WARN_DIRECT_OBJC_ISA_USAGE = YES_ERROR;
				CLANG_WARN_DOCUMENTATION_COMMENTS = YES;
				CLANG_WARN_EMPTY_BODY = YES;
				CLANG_WARN_ENUM_CONVERSION = YES;
				CLANG_WARN_INFINITE_RECURSION = YES;
				CLANG_WARN_INT_CONVERSION = YES;
				CLANG_WARN_NON_LITERAL_NULL_CONVERSION = YES;
				CLANG_WARN_OBJC_IMPLICIT_RETAIN_SELF = YES;
				CLANG_WARN_OBJC_LITERAL_CONVERSION = YES;
				CLANG_WARN_OBJC_ROOT_CLASS = YES_ERROR;
				CLANG_WARN_QUOTED_INCLUDE_IN_FRAMEWORK_HEADER = YES;
				CLANG_WARN_RANGE_LOOP_ANALYSIS = YES;
				CLANG_WARN_STRICT_PROTOTYPES = YES;
				CLANG_WARN_SUSPICIOUS_MOVE = YES;
				CLANG_WARN_UNGUARDED_AVAILABILITY = YES_AGGRESSIVE;
				CLANG_WARN_UNREACHABLE_CODE = YES;
				CLANG_WARN__DUPLICATE_METHOD_MATCH = YES;
				COPY_PHASE_STRIP = NO;
				DEBUG_INFORMATION_FORMAT = "dwarf-with-dsym";
				ENABLE_NS_ASSERTIONS = NO;
				ENABLE_STRICT_OBJC_MSGSEND = YES;
				GCC_C_LANGUAGE_STANDARD = gnu11;
				GCC_NO_COMMON_BLOCKS = YES;
				GCC_WARN_64_TO_32_BIT_CONVERSION = YES;
				GCC_WARN_ABOUT_RETURN_TYPE = YES_ERROR;
				GCC_WARN_UNDECLARED_SELECTOR = YES;
				GCC_WARN_UNINITIALIZED_AUTOS = YES_AGGRESSIVE;
				GCC_WARN_UNUSED_FUNCTION = YES;
				GCC_WARN_UNUSED_VARIABLE = YES;
				IPHONEOS_DEPLOYMENT_TARGET = 16.1;
				MTL_ENABLE_DEBUG_INFO = NO;
				MTL_FAST_MATH = YES;
				SDKROOT = iphoneos;
				SWIFT_COMPILATION_MODE = wholemodule;
				SWIFT_OPTIMIZATION_LEVEL = "-O";
				VALIDATE_PRODUCT = YES;
			};
			name = Release;
		};
		074998E1297D898D00487C15 /* Debug */ = {
			isa = XCBuildConfiguration;
			buildSettings = {
				ASSETCATALOG_COMPILER_APPICON_NAME = AppIcon;
				ASSETCATALOG_COMPILER_GLOBAL_ACCENT_COLOR_NAME = AccentColor;
				CODE_SIGN_STYLE = Automatic;
				CURRENT_PROJECT_VERSION = 1;
				GENERATE_INFOPLIST_FILE = YES;
				INFOPLIST_FILE = time/Info.plist;
				INFOPLIST_KEY_UIApplicationSupportsIndirectInputEvents = YES;
				INFOPLIST_KEY_UILaunchStoryboardName = LaunchScreen;
				INFOPLIST_KEY_UIMainStoryboardFile = Main;
				INFOPLIST_KEY_UISupportedInterfaceOrientations_iPad = "UIInterfaceOrientationPortrait UIInterfaceOrientationPortraitUpsideDown UIInterfaceOrientationLandscapeLeft UIInterfaceOrientationLandscapeRight";
				INFOPLIST_KEY_UISupportedInterfaceOrientations_iPhone = "UIInterfaceOrientationPortrait UIInterfaceOrientationLandscapeLeft UIInterfaceOrientationLandscapeRight";
				LD_RUNPATH_SEARCH_PATHS = (
					"$(inherited)",
					"@executable_path/Frameworks",
				);
				MARKETING_VERSION = 1.0;
				PRODUCT_BUNDLE_IDENTIFIER = first.time;
				PRODUCT_NAME = "$(TARGET_NAME)";
				SWIFT_EMIT_LOC_STRINGS = YES;
				SWIFT_VERSION = 5.0;
				TARGETED_DEVICE_FAMILY = "1,2";
			};
			name = Debug;
		};
		074998E2297D898D00487C15 /* Release */ = {
			isa = XCBuildConfiguration;
			buildSettings = {
				ASSETCATALOG_COMPILER_APPICON_NAME = AppIcon;
				ASSETCATALOG_COMPILER_GLOBAL_ACCENT_COLOR_NAME = AccentColor;
				CODE_SIGN_STYLE = Automatic;
				CURRENT_PROJECT_VERSION = 1;
				GENERATE_INFOPLIST_FILE = YES;
				INFOPLIST_FILE = time/Info.plist;
				INFOPLIST_KEY_UIApplicationSupportsIndirectInputEvents = YES;
				INFOPLIST_KEY_UILaunchStoryboardName = LaunchScreen;
				INFOPLIST_KEY_UIMainStoryboardFile = Main;
				INFOPLIST_KEY_UISupportedInterfaceOrientations_iPad = "UIInterfaceOrientationPortrait UIInterfaceOrientationPortraitUpsideDown UIInterfaceOrientationLandscapeLeft UIInterfaceOrientationLandscapeRight";
				INFOPLIST_KEY_UISupportedInterfaceOrientations_iPhone = "UIInterfaceOrientationPortrait UIInterfaceOrientationLandscapeLeft UIInterfaceOrientationLandscapeRight";
				LD_RUNPATH_SEARCH_PATHS = (
					"$(inherited)",
					"@executable_path/Frameworks",
				);
				MARKETING_VERSION = 1.0;
				PRODUCT_BUNDLE_IDENTIFIER = first.time;
				PRODUCT_NAME = "$(TARGET_NAME)";
				SWIFT_EMIT_LOC_STRINGS = YES;
				SWIFT_VERSION = 5.0;
				TARGETED_DEVICE_FAMILY = "1,2";
			};
			name = Release;
		};
		074998E4297D898D00487C15 /* Debug */ = {
			isa = XCBuildConfiguration;
			buildSettings = {
				ALWAYS_EMBED_SWIFT_STANDARD_LIBRARIES = YES;
				BUNDLE_LOADER = "$(TEST_HOST)";
				CODE_SIGN_STYLE = Automatic;
				CURRENT_PROJECT_VERSION = 1;
				GENERATE_INFOPLIST_FILE = YES;
				IPHONEOS_DEPLOYMENT_TARGET = 16.1;
				MARKETING_VERSION = 1.0;
				PRODUCT_BUNDLE_IDENTIFIER = first.timeTests;
				PRODUCT_NAME = "$(TARGET_NAME)";
				SWIFT_EMIT_LOC_STRINGS = NO;
				SWIFT_VERSION = 5.0;
				TARGETED_DEVICE_FAMILY = "1,2";
				TEST_HOST = "$(BUILT_PRODUCTS_DIR)/time.app/$(BUNDLE_EXECUTABLE_FOLDER_PATH)/time";
			};
			name = Debug;
		};
		074998E5297D898D00487C15 /* Release */ = {
			isa = XCBuildConfiguration;
			buildSettings = {
				ALWAYS_EMBED_SWIFT_STANDARD_LIBRARIES = YES;
				BUNDLE_LOADER = "$(TEST_HOST)";
				CODE_SIGN_STYLE = Automatic;
				CURRENT_PROJECT_VERSION = 1;
				GENERATE_INFOPLIST_FILE = YES;
				IPHONEOS_DEPLOYMENT_TARGET = 16.1;
				MARKETING_VERSION = 1.0;
				PRODUCT_BUNDLE_IDENTIFIER = first.timeTests;
				PRODUCT_NAME = "$(TARGET_NAME)";
				SWIFT_EMIT_LOC_STRINGS = NO;
				SWIFT_VERSION = 5.0;
				TARGETED_DEVICE_FAMILY = "1,2";
				TEST_HOST = "$(BUILT_PRODUCTS_DIR)/time.app/$(BUNDLE_EXECUTABLE_FOLDER_PATH)/time";
			};
			name = Release;
		};
		074998E7297D898D00487C15 /* Debug */ = {
			isa = XCBuildConfiguration;
			buildSettings = {
				ALWAYS_EMBED_SWIFT_STANDARD_LIBRARIES = YES;
				CODE_SIGN_STYLE = Automatic;
				CURRENT_PROJECT_VERSION = 1;
				GENERATE_INFOPLIST_FILE = YES;
				MARKETING_VERSION = 1.0;
				PRODUCT_BUNDLE_IDENTIFIER = first.timeUITests;
				PRODUCT_NAME = "$(TARGET_NAME)";
				SWIFT_EMIT_LOC_STRINGS = NO;
				SWIFT_VERSION = 5.0;
				TARGETED_DEVICE_FAMILY = "1,2";
				TEST_TARGET_NAME = time;
			};
			name = Debug;
		};
		074998E8297D898D00487C15 /* Release */ = {
			isa = XCBuildConfiguration;
			buildSettings = {
				ALWAYS_EMBED_SWIFT_STANDARD_LIBRARIES = YES;
				CODE_SIGN_STYLE = Automatic;
				CURRENT_PROJECT_VERSION = 1;
				GENERATE_INFOPLIST_FILE = YES;
				MARKETING_VERSION = 1.0;
				PRODUCT_BUNDLE_IDENTIFIER = first.timeUITests;
				PRODUCT_NAME = "$(TARGET_NAME)";
				SWIFT_EMIT_LOC_STRINGS = NO;
				SWIFT_VERSION = 5.0;
				TARGETED_DEVICE_FAMILY = "1,2";
				TEST_TARGET_NAME = time;
			};
			name = Release;
		};
/* End XCBuildConfiguration section */

/* Begin XCConfigurationList section */
		074998B1297D898C00487C15 /* Build configuration list for PBXProject "time" */ = {
			isa = XCConfigurationList;
			buildConfigurations = (
				074998DE297D898D00487C15 /* Debug */,
				074998DF297D898D00487C15 /* Release */,
			);
			defaultConfigurationIsVisible = 0;
			defaultConfigurationName = Release;
		};
		074998E0297D898D00487C15 /* Build configuration list for PBXNativeTarget "time" */ = {
			isa = XCConfigurationList;
			buildConfigurations = (
				074998E1297D898D00487C15 /* Debug */,
				074998E2297D898D00487C15 /* Release */,
			);
			defaultConfigurationIsVisible = 0;
			defaultConfigurationName = Release;
		};
		074998E3297D898D00487C15 /* Build configuration list for PBXNativeTarget "timeTests" */ = {
			isa = XCConfigurationList;
			buildConfigurations = (
				074998E4297D898D00487C15 /* Debug */,
				074998E5297D898D00487C15 /* Release */,
			);
			defaultConfigurationIsVisible = 0;
			defaultConfigurationName = Release;
		};
		074998E6297D898D00487C15 /* Build configuration list for PBXNativeTarget "timeUITests" */ = {
			isa = XCConfigurationList;
			buildConfigurations = (
				074998E7297D898D00487C15 /* Debug */,
				074998E8297D898D00487C15 /* Release */,
			);
			defaultConfigurationIsVisible = 0;
			defaultConfigurationName = Release;
		};
/* End XCConfigurationList section */
	};
	rootObject = 074998AE297D898C00487C15 /* Project object */;
}
